// !$*UTF8*$!
{
	archiveVersion = 1;
	classes = {
	};
	objectVersion = 56;
	objects = {

/* Begin PBXFileReference section */
		39B73B6329B0455A0045D896 /* Factory-Pattern.playground */ = {isa = PBXFileReference; lastKnownFileType = file.playground; path = "Factory-Pattern.playground"; sourceTree = "<group>"; xcLanguageSpecificationIdentifier = xcode.lang.swift; };
/* End PBXFileReference section */

/* Begin PBXGroup section */
		39B73B5C29B0453D0045D896 = {
			isa = PBXGroup;
			children = (
				39B73B6329B0455A0045D896 /* Factory-Pattern.playground */,
			);
			sourceTree = "<group>";
		};
/* End PBXGroup section */

/* Begin PBXProject section */
		39B73B5D29B0453D0045D896 /* Project object */ = {
			isa = PBXProject;
			attributes = {
				BuildIndependentTargetsInParallel = 1;
				LastUpgradeCheck = 1420;
			};
			buildConfigurationList = 39B73B6029B0453D0045D896 /* Build configuration list for PBXProject "Design Patterns for Swift" */;
			compatibilityVersion = "Xcode 14.0";
			developmentRegion = en;
			hasScannedForEncodings = 0;
			knownRegions = (
				en,
				Base,
			);
			mainGroup = 39B73B5C29B0453D0045D896;
			projectDirPath = "";
			projectRoot = "";
			targets = (
			);
		};
/* End PBXProject section */

/* Begin XCBuildConfiguration section */
		39B73B6129B0453D0045D896 /* Debug */ = {
			isa = XCBuildConfiguration;
			buildSettings = {
			};
			name = Debug;
		};
		39B73B6229B0453D0045D896 /* Release */ = {
			isa = XCBuildConfiguration;
			buildSettings = {
			};
			name = Release;
		};
/* End XCBuildConfiguration section */

/* Begin XCConfigurationList section */
		39B73B6029B0453D0045D896 /* Build configuration list for PBXProject "Design Patterns for Swift" */ = {
			isa = XCConfigurationList;
			buildConfigurations = (
				39B73B6129B0453D0045D896 /* Debug */,
				39B73B6229B0453D0045D896 /* Release */,
			);
			defaultConfigurationIsVisible = 0;
			defaultConfigurationName = Release;
		};
/* End XCConfigurationList section */
	};
	rootObject = 39B73B5D29B0453D0045D896 /* Project object */;
}
